
Microsoft Visual Studio Solution File, Format Version 12.00
# Visual Studio Version 16
VisualStudioVersion = 16.0.29418.71
MinimumVisualStudioVersion = 10.0.40219.1
Project("{9A19103F-16F7-4668-BE54-9A1E7A4F7556}") = "SMS.BusinessLayer", "SMS.BusinessLayer\SMS.BusinessLayer.csproj", "{8F189600-21B2-4BB9-AEF3-93521578CAC7}"
EndProject
Project("{9A19103F-16F7-4668-BE54-9A1E7A4F7556}") = "SMS.BusinessLayer.Tests", "SMS.BusinessLayer.Tests\SMS.BusinessLayer.Tests.csproj", "{D3E92240-74B8-4BEF-A640-2BD952D6E59C}"
EndProject
Project("{9A19103F-16F7-4668-BE54-9A1E7A4F7556}") = "SMS.DataLayer", "SMS.DataLayer\SMS.DataLayer.csproj", "{8A437CC8-1227-4A7D-A700-5C4F0CC91F2D}"
EndProject
Project("{9A19103F-16F7-4668-BE54-9A1E7A4F7556}") = "SMS.Shared", "SMS.Shared\SMS.Shared.csproj", "{B6A33415-8E83-4B62-95BB-67A6639A932A}"
EndProject
Project("{2150E333-8FDC-42A3-9474-1A3956D46DE8}") = "Tests", "Tests", "{5AD8BAD3-3A13-4565-839B-BAF2209E21BE}"
EndProject
Global
	GlobalSection(SolutionConfigurationPlatforms) = preSolution
		Debug|Any CPU = Debug|Any CPU
		Release|Any CPU = Release|Any CPU
	EndGlobalSection
	GlobalSection(ProjectConfigurationPlatforms) = postSolution
		{8F189600-21B2-4BB9-AEF3-93521578CAC7}.Debug|Any CPU.ActiveCfg = Debug|Any CPU
		{8F189600-21B2-4BB9-AEF3-93521578CAC7}.Debug|Any CPU.Build.0 = Debug|Any CPU
		{8F189600-21B2-4BB9-AEF3-93521578CAC7}.Release|Any CPU.ActiveCfg = Release|Any CPU
		{8F189600-21B2-4BB9-AEF3-93521578CAC7}.Release|Any CPU.Build.0 = Release|Any CPU
		{D3E92240-74B8-4BEF-A640-2BD952D6E59C}.Debug|Any CPU.ActiveCfg = Debug|Any CPU
		{D3E92240-74B8-4BEF-A640-2BD952D6E59C}.Debug|Any CPU.Build.0 = Debug|Any CPU
		{D3E92240-74B8-4BEF-A640-2BD952D6E59C}.Release|Any CPU.ActiveCfg = Release|Any CPU
		{D3E92240-74B8-4BEF-A640-2BD952D6E59C}.Release|Any CPU.Build.0 = Release|Any CPU
		{8A437CC8-1227-4A7D-A700-5C4F0CC91F2D}.Debug|Any CPU.ActiveCfg = Debug|Any CPU
		{8A437CC8-1227-4A7D-A700-5C4F0CC91F2D}.Debug|Any CPU.Build.0 = Debug|Any CPU
		{8A437CC8-1227-4A7D-A700-5C4F0CC91F2D}.Release|Any CPU.ActiveCfg = Release|Any CPU
		{8A437CC8-1227-4A7D-A700-5C4F0CC91F2D}.Release|Any CPU.Build.0 = Release|Any CPU
		{B6A33415-8E83-4B62-95BB-67A6639A932A}.Debug|Any CPU.ActiveCfg = Debug|Any CPU
		{B6A33415-8E83-4B62-95BB-67A6639A932A}.Debug|Any CPU.Build.0 = Debug|Any CPU
		{B6A33415-8E83-4B62-95BB-67A6639A932A}.Release|Any CPU.ActiveCfg = Release|Any CPU
		{B6A33415-8E83-4B62-95BB-67A6639A932A}.Release|Any CPU.Build.0 = Release|Any CPU
	EndGlobalSection
	GlobalSection(SolutionProperties) = preSolution
		HideSolutionNode = FALSE
	EndGlobalSection
	GlobalSection(NestedProjects) = preSolution
		{D3E92240-74B8-4BEF-A640-2BD952D6E59C} = {5AD8BAD3-3A13-4565-839B-BAF2209E21BE}
	EndGlobalSection
	GlobalSection(ExtensibilityGlobals) = postSolution
		SolutionGuid = {0B204E2B-350F-4FC5-AEA9-0CAB159C89D7}
	EndGlobalSection
EndGlobal
